
Microsoft Visual Studio Solution File, Format Version 12.00
# Visual Studio Version 17
VisualStudioVersion = 17.1.32328.378
MinimumVisualStudioVersion = 10.0.40219.1
Project("{FAE04EC0-301F-11D3-BF4B-00C04F79EFBC}") = "OdeToFood.Web", "OdeToFood.Web\OdeToFood.Web.csproj", "{B72C6E7D-1A07-42B5-89DE-A601EAF0513A}"
EndProject
Project("{FAE04EC0-301F-11D3-BF4B-00C04F79EFBC}") = "OdeToFood.Data", "OdeToFood.Data\OdeToFood.Data.csproj", "{DD604A5C-95FA-4C18-A6FF-3B36CF50D742}"
EndProject
Global
	GlobalSection(SolutionConfigurationPlatforms) = preSolution
		Debug|Any CPU = Debug|Any CPU
		Release|Any CPU = Release|Any CPU
	EndGlobalSection
	GlobalSection(ProjectConfigurationPlatforms) = postSolution
		{B72C6E7D-1A07-42B5-89DE-A601EAF0513A}.Debug|Any CPU.ActiveCfg = Debug|Any CPU
		{B72C6E7D-1A07-42B5-89DE-A601EAF0513A}.Debug|Any CPU.Build.0 = Debug|Any CPU
		{B72C6E7D-1A07-42B5-89DE-A601EAF0513A}.Release|Any CPU.ActiveCfg = Release|Any CPU
		{B72C6E7D-1A07-42B5-89DE-A601EAF0513A}.Release|Any CPU.Build.0 = Release|Any CPU
		{DD604A5C-95FA-4C18-A6FF-3B36CF50D742}.Debug|Any CPU.ActiveCfg = Debug|Any CPU
		{DD604A5C-95FA-4C18-A6FF-3B36CF50D742}.Debug|Any CPU.Build.0 = Debug|Any CPU
		{DD604A5C-95FA-4C18-A6FF-3B36CF50D742}.Release|Any CPU.ActiveCfg = Release|Any CPU
		{DD604A5C-95FA-4C18-A6FF-3B36CF50D742}.Release|Any CPU.Build.0 = Release|Any CPU
	EndGlobalSection
	GlobalSection(SolutionProperties) = preSolution
		HideSolutionNode = FALSE
	EndGlobalSection
	GlobalSection(ExtensibilityGlobals) = postSolution
		SolutionGuid = {3D23C23B-359E-4027-B8C8-3E68D6132FE8}
	EndGlobalSection
EndGlobal
